
Microsoft Visual Studio Solution File, Format Version 12.00
# Visual Studio Version 17
VisualStudioVersion = 17.0.31903.59
MinimumVisualStudioVersion = 10.0.40219.1
Project("{2150E333-8FDC-42A3-9474-1A3956D46DE8}") = "src", "src", "{F141EF44-5072-4C62-83C7-C9814721ADD5}"
EndProject
Project("{FAE04EC0-301F-11D3-BF4B-00C04F79EFBC}") = "CleanArch.Template.ProjectStructure", "src\CleanArch.Template.ProjectStructure\CleanArch.Template.ProjectStructure.csproj", "{6C9E8B69-4C1D-4069-9FED-0EC348870A29}"
EndProject
Project("{2150E333-8FDC-42A3-9474-1A3956D46DE8}") = "test", "test", "{54328C18-3744-4D75-B3EB-4FC05F155EB2}"
EndProject
Project("{FAE04EC0-301F-11D3-BF4B-00C04F79EFBC}") = "CleanArch.Template.ProjectStructure.Test", "test\CleanArch.Template.ProjectStructure.Test\CleanArch.Template.ProjectStructure.Test.csproj", "{EABB513C-10FD-47E0-8B84-415D8ADF51C1}"
EndProject
Global
	GlobalSection(SolutionConfigurationPlatforms) = preSolution
		Debug|Any CPU = Debug|Any CPU
		Release|Any CPU = Release|Any CPU
	EndGlobalSection
	GlobalSection(SolutionProperties) = preSolution
		HideSolutionNode = FALSE
	EndGlobalSection
	GlobalSection(ProjectConfigurationPlatforms) = postSolution
		{6C9E8B69-4C1D-4069-9FED-0EC348870A29}.Debug|Any CPU.ActiveCfg = Debug|Any CPU
		{6C9E8B69-4C1D-4069-9FED-0EC348870A29}.Debug|Any CPU.Build.0 = Debug|Any CPU
		{6C9E8B69-4C1D-4069-9FED-0EC348870A29}.Release|Any CPU.ActiveCfg = Release|Any CPU
		{6C9E8B69-4C1D-4069-9FED-0EC348870A29}.Release|Any CPU.Build.0 = Release|Any CPU
		{EABB513C-10FD-47E0-8B84-415D8ADF51C1}.Debug|Any CPU.ActiveCfg = Debug|Any CPU
		{EABB513C-10FD-47E0-8B84-415D8ADF51C1}.Debug|Any CPU.Build.0 = Debug|Any CPU
		{EABB513C-10FD-47E0-8B84-415D8ADF51C1}.Release|Any CPU.ActiveCfg = Release|Any CPU
		{EABB513C-10FD-47E0-8B84-415D8ADF51C1}.Release|Any CPU.Build.0 = Release|Any CPU
	EndGlobalSection
	GlobalSection(NestedProjects) = preSolution
		{6C9E8B69-4C1D-4069-9FED-0EC348870A29} = {F141EF44-5072-4C62-83C7-C9814721ADD5}
		{EABB513C-10FD-47E0-8B84-415D8ADF51C1} = {54328C18-3744-4D75-B3EB-4FC05F155EB2}
	EndGlobalSection
EndGlobal
